
Microsoft Visual Studio Solution File, Format Version 12.00
# Visual Studio 15
VisualStudioVersion = 15.0.27130.2010
MinimumVisualStudioVersion = 10.0.40219.1
Project("{9A19103F-16F7-4668-BE54-9A1E7A4F7556}") = "The Ultimate Bowling Game", "The Ultimate Bowling Game.csproj", "{AB453685-EB2C-47D4-AB82-482C1CD4EE3A}"
EndProject
Global
	GlobalSection(SolutionConfigurationPlatforms) = preSolution
		Debug|Any CPU = Debug|Any CPU
		Release|Any CPU = Release|Any CPU
	EndGlobalSection
	GlobalSection(ProjectConfigurationPlatforms) = postSolution
		{AB453685-EB2C-47D4-AB82-482C1CD4EE3A}.Debug|Any CPU.ActiveCfg = Debug|Any CPU
		{AB453685-EB2C-47D4-AB82-482C1CD4EE3A}.Debug|Any CPU.Build.0 = Debug|Any CPU
		{AB453685-EB2C-47D4-AB82-482C1CD4EE3A}.Release|Any CPU.ActiveCfg = Release|Any CPU
		{AB453685-EB2C-47D4-AB82-482C1CD4EE3A}.Release|Any CPU.Build.0 = Release|Any CPU
	EndGlobalSection
	GlobalSection(SolutionProperties) = preSolution
		HideSolutionNode = FALSE
	EndGlobalSection
	GlobalSection(ExtensibilityGlobals) = postSolution
		SolutionGuid = {D1203851-F7F2-4C33-B18B-210AACE3FDA9}
	EndGlobalSection
EndGlobal
